
Microsoft Visual Studio Solution File, Format Version 12.00
# Visual Studio Version 17
VisualStudioVersion = 17.8.34408.163
MinimumVisualStudioVersion = 10.0.40219.1
Project("{2150E333-8FDC-42A3-9474-1A3956D46DE8}") = "Core", "Core", "{E771C158-CC43-4164-8C17-691EC992FE4D}"
EndProject
Project("{2150E333-8FDC-42A3-9474-1A3956D46DE8}") = "Infrastructure", "Infrastructure", "{003D95CD-889A-4AF3-BAF3-CBE9B80C5AFF}"
EndProject
Project("{2150E333-8FDC-42A3-9474-1A3956D46DE8}") = "src", "src", "{D8045636-29C1-444A-BDB7-C3924CF60556}"
EndProject
Project("{2150E333-8FDC-42A3-9474-1A3956D46DE8}") = "tests", "tests", "{12B4FE1C-CAAF-4D4F-9A3D-DC93A6320712}"
EndProject
Project("{2150E333-8FDC-42A3-9474-1A3956D46DE8}") = "Presentation", "Presentation", "{44B1470D-2178-4BA1-A623-C5F43EB9EBA4}"
EndProject
Project("{9A19103F-16F7-4668-BE54-9A1E7A4F7556}") = "CustomerManagement.Application", "src\Core\CustomerManagement.Application\CustomerManagement.Application.csproj", "{931A187E-56F9-4D94-A006-A312FD3270C0}"
EndProject
Project("{9A19103F-16F7-4668-BE54-9A1E7A4F7556}") = "CustomerManagement.Domain", "src\Core\CustomerManagement.Domain\CustomerManagement.Domain.csproj", "{F82635DA-C621-4758-8720-B832939371A9}"
EndProject
Project("{9A19103F-16F7-4668-BE54-9A1E7A4F7556}") = "CustomerManagement.Infrastructure", "src\Infrastructure\CustomerManagement.Infrastructure\CustomerManagement.Infrastructure.csproj", "{AAC6091C-D150-4122-8AC9-95F2AC341CEE}"
EndProject
Project("{9A19103F-16F7-4668-BE54-9A1E7A4F7556}") = "CustomerManagement.Persistence", "src\Infrastructure\CustomerManagement.Persistence\CustomerManagement.Persistence.csproj", "{1D5CE02A-752C-4858-9B76-86A64E7B117F}"
EndProject
Project("{9A19103F-16F7-4668-BE54-9A1E7A4F7556}") = "CustomerManagement.Web", "src\Presentation\CustomerManagement.Web\CustomerManagement.Web.csproj", "{BBD2F4D7-37DE-4BF8-AB54-F1564CE2BB4A}"
EndProject
Project("{2150E333-8FDC-42A3-9474-1A3956D46DE8}") = "BDD", "BDD", "{6F9D3E66-CC51-4EED-8A4D-0CE732B6B756}"
EndProject
Project("{2150E333-8FDC-42A3-9474-1A3956D46DE8}") = "TDD", "TDD", "{C5D9B2A8-74BD-4366-A988-133175B8B7C6}"
EndProject
Project("{FAE04EC0-301F-11D3-BF4B-00C04F79EFBC}") = "CustomerManagement.BDD.Tests", "tests\BDD\CustomerManagement.BDD.Tests\CustomerManagement.BDD.Tests.csproj", "{67582EF1-05DA-4E07-8957-8AA430950B15}"
EndProject
Project("{FAE04EC0-301F-11D3-BF4B-00C04F79EFBC}") = "CustomerManagement.TDD.Tests", "tests\TDD\CustomerManagement.TDD.Tests\CustomerManagement.TDD.Tests.csproj", "{94719C2E-C7B4-4C8B-A9DD-142B19C62A90}"
EndProject
Global
	GlobalSection(SolutionConfigurationPlatforms) = preSolution
		Debug|Any CPU = Debug|Any CPU
		Release|Any CPU = Release|Any CPU
	EndGlobalSection
	GlobalSection(ProjectConfigurationPlatforms) = postSolution
		{931A187E-56F9-4D94-A006-A312FD3270C0}.Debug|Any CPU.ActiveCfg = Debug|Any CPU
		{931A187E-56F9-4D94-A006-A312FD3270C0}.Debug|Any CPU.Build.0 = Debug|Any CPU
		{931A187E-56F9-4D94-A006-A312FD3270C0}.Release|Any CPU.ActiveCfg = Release|Any CPU
		{931A187E-56F9-4D94-A006-A312FD3270C0}.Release|Any CPU.Build.0 = Release|Any CPU
		{F82635DA-C621-4758-8720-B832939371A9}.Debug|Any CPU.ActiveCfg = Debug|Any CPU
		{F82635DA-C621-4758-8720-B832939371A9}.Debug|Any CPU.Build.0 = Debug|Any CPU
		{F82635DA-C621-4758-8720-B832939371A9}.Release|Any CPU.ActiveCfg = Release|Any CPU
		{F82635DA-C621-4758-8720-B832939371A9}.Release|Any CPU.Build.0 = Release|Any CPU
		{AAC6091C-D150-4122-8AC9-95F2AC341CEE}.Debug|Any CPU.ActiveCfg = Debug|Any CPU
		{AAC6091C-D150-4122-8AC9-95F2AC341CEE}.Debug|Any CPU.Build.0 = Debug|Any CPU
		{AAC6091C-D150-4122-8AC9-95F2AC341CEE}.Release|Any CPU.ActiveCfg = Release|Any CPU
		{AAC6091C-D150-4122-8AC9-95F2AC341CEE}.Release|Any CPU.Build.0 = Release|Any CPU
		{1D5CE02A-752C-4858-9B76-86A64E7B117F}.Debug|Any CPU.ActiveCfg = Debug|Any CPU
		{1D5CE02A-752C-4858-9B76-86A64E7B117F}.Debug|Any CPU.Build.0 = Debug|Any CPU
		{1D5CE02A-752C-4858-9B76-86A64E7B117F}.Release|Any CPU.ActiveCfg = Release|Any CPU
		{1D5CE02A-752C-4858-9B76-86A64E7B117F}.Release|Any CPU.Build.0 = Release|Any CPU
		{BBD2F4D7-37DE-4BF8-AB54-F1564CE2BB4A}.Debug|Any CPU.ActiveCfg = Debug|Any CPU
		{BBD2F4D7-37DE-4BF8-AB54-F1564CE2BB4A}.Debug|Any CPU.Build.0 = Debug|Any CPU
		{BBD2F4D7-37DE-4BF8-AB54-F1564CE2BB4A}.Release|Any CPU.ActiveCfg = Release|Any CPU
		{BBD2F4D7-37DE-4BF8-AB54-F1564CE2BB4A}.Release|Any CPU.Build.0 = Release|Any CPU
		{67582EF1-05DA-4E07-8957-8AA430950B15}.Debug|Any CPU.ActiveCfg = Debug|Any CPU
		{67582EF1-05DA-4E07-8957-8AA430950B15}.Debug|Any CPU.Build.0 = Debug|Any CPU
		{67582EF1-05DA-4E07-8957-8AA430950B15}.Release|Any CPU.ActiveCfg = Release|Any CPU
		{67582EF1-05DA-4E07-8957-8AA430950B15}.Release|Any CPU.Build.0 = Release|Any CPU
		{94719C2E-C7B4-4C8B-A9DD-142B19C62A90}.Debug|Any CPU.ActiveCfg = Debug|Any CPU
		{94719C2E-C7B4-4C8B-A9DD-142B19C62A90}.Debug|Any CPU.Build.0 = Debug|Any CPU
		{94719C2E-C7B4-4C8B-A9DD-142B19C62A90}.Release|Any CPU.ActiveCfg = Release|Any CPU
		{94719C2E-C7B4-4C8B-A9DD-142B19C62A90}.Release|Any CPU.Build.0 = Release|Any CPU
	EndGlobalSection
	GlobalSection(SolutionProperties) = preSolution
		HideSolutionNode = FALSE
	EndGlobalSection
	GlobalSection(NestedProjects) = preSolution
		{E771C158-CC43-4164-8C17-691EC992FE4D} = {D8045636-29C1-444A-BDB7-C3924CF60556}
		{003D95CD-889A-4AF3-BAF3-CBE9B80C5AFF} = {D8045636-29C1-444A-BDB7-C3924CF60556}
		{44B1470D-2178-4BA1-A623-C5F43EB9EBA4} = {D8045636-29C1-444A-BDB7-C3924CF60556}
		{931A187E-56F9-4D94-A006-A312FD3270C0} = {E771C158-CC43-4164-8C17-691EC992FE4D}
		{F82635DA-C621-4758-8720-B832939371A9} = {E771C158-CC43-4164-8C17-691EC992FE4D}
		{AAC6091C-D150-4122-8AC9-95F2AC341CEE} = {003D95CD-889A-4AF3-BAF3-CBE9B80C5AFF}
		{1D5CE02A-752C-4858-9B76-86A64E7B117F} = {003D95CD-889A-4AF3-BAF3-CBE9B80C5AFF}
		{BBD2F4D7-37DE-4BF8-AB54-F1564CE2BB4A} = {44B1470D-2178-4BA1-A623-C5F43EB9EBA4}
		{6F9D3E66-CC51-4EED-8A4D-0CE732B6B756} = {12B4FE1C-CAAF-4D4F-9A3D-DC93A6320712}
		{C5D9B2A8-74BD-4366-A988-133175B8B7C6} = {12B4FE1C-CAAF-4D4F-9A3D-DC93A6320712}
		{67582EF1-05DA-4E07-8957-8AA430950B15} = {6F9D3E66-CC51-4EED-8A4D-0CE732B6B756}
		{94719C2E-C7B4-4C8B-A9DD-142B19C62A90} = {C5D9B2A8-74BD-4366-A988-133175B8B7C6}
	EndGlobalSection
	GlobalSection(ExtensibilityGlobals) = postSolution
		SolutionGuid = {8C217681-DFDC-4009-8D8C-7AC5C11BBFBE}
	EndGlobalSection
EndGlobal
